# THIS IS AN AUTOGENERATED FILE. DO NOT EDIT THIS FILE DIRECTLY.
# yarn lockfile v1


axios@^0.21.1:
  version "0.21.1"
  resolved "https://registry.yarnpkg.com/axios/-/axios-0.21.1.tgz#22563481962f4d6bde9a76d516ef0e5d3c09b2b8"
  integrity sha512-dKQiRHxGD9PPRIUNIWvZhPTPpl1rf/OxTYKsqKUDjBwYylTvV7SjSHJb9ratfyzM6wCdLCOYLzs73qpg5c4iGA==
  dependencies:
    follow-redirects "^1.10.0"

bottleneck@^2.19.5:
  version "2.19.5"
  resolved "https://registry.yarnpkg.com/bottleneck/-/bottleneck-2.19.5.tgz#5df0b90f59fd47656ebe63c78a98419205cadd91"
  integrity sha512-VHiNCbI1lKdl44tGrhNfU3lup0Tj/ZBMJB5/2ZbNXRCPuRCO7ed2mgcK4r17y+KB2EfuYuRaVlwNbAeaWGSpbw==

follow-redirects@^1.10.0:
  version "1.15.4"
  resolved "https://registry.yarnpkg.com/follow-redirects/-/follow-redirects-1.15.4.tgz#cdc7d308bf6493126b17ea2191ea0ccf3e535adf"
  integrity sha512-Cr4D/5wlrb0z9dgERpUL3LrmPKVDsETIJhaCMeDfuFYcqa5bldGV6wBsAN6X/vxlXQtFBMrXdXxdL8CbDTGniw==

get-ssl-certificate@^2.3.3:
  version "2.3.3"
  resolved "https://registry.yarnpkg.com/get-ssl-certificate/-/get-ssl-certificate-2.3.3.tgz#c8a43da1c77969b2a1dabe8f8356a7d60cf0c4b5"
  integrity sha512-aKYXS1S5+2IYw4W5+lKC/M+lvaNYPe0PhnQ144NWARcBg35H3ZvyVZ6y0LNGtiAxggFBHeO7LaVGO4bgHK4g1Q==

node-hue-api@^4.0.11:
  version "4.0.11"
  resolved "https://registry.yarnpkg.com/node-hue-api/-/node-hue-api-4.0.11.tgz#7bc594ac5f8f80a7e77900a81ed6402941772836"
  integrity sha512-lpnDdMjLTmm00JRsU70Mtm0Ix03cf7PRjKQAJbSg/Y0ChiIKQs+oDbSUpW2aDhEbor+wKpyfLYLGLTrjlG24pQ==
  dependencies:
    axios "^0.21.1"
    bottleneck "^2.19.5"
    get-ssl-certificate "^2.3.3"
